
Microsoft Visual Studio Solution File, Format Version 12.00
# Visual Studio Version 17
VisualStudioVersion = 17.1.32228.430
MinimumVisualStudioVersion = 10.0.40219.1
Project("{2150E333-8FDC-42A3-9474-1A3956D46DE8}") = "01.API", "01.API", "{A329369B-2E10-474A-931F-8E479C9EEE40}"
EndProject
Project("{2150E333-8FDC-42A3-9474-1A3956D46DE8}") = "02.Application", "02.Application", "{879A17FA-4DDA-4E41-B98E-738BAB705D84}"
EndProject
Project("{2150E333-8FDC-42A3-9474-1A3956D46DE8}") = "03.Domain", "03.Domain", "{F1E7F84B-C934-4349-BDC3-83F6F8E09080}"
EndProject
Project("{2150E333-8FDC-42A3-9474-1A3956D46DE8}") = "04.Infraestructure", "04.Infraestructure", "{0E4958B8-DF1F-4616-81B1-2DD6ED9820BD}"
EndProject
Project("{2150E333-8FDC-42A3-9474-1A3956D46DE8}") = "05.Common", "05.Common", "{6FA2615B-7766-4E8D-A31C-7958B0A8311E}"
EndProject
Project("{2150E333-8FDC-42A3-9474-1A3956D46DE8}") = "06.Testing", "06.Testing", "{DA1B5864-0319-4B55-95C2-2950E06A27C2}"
EndProject
Project("{2150E333-8FDC-42A3-9474-1A3956D46DE8}") = "07.Scripts", "07.Scripts", "{B756F485-DEC0-4DD1-BF44-4C08E4599295}"
	ProjectSection(SolutionItems) = preProject
		scripts\run-scanner-sonarqube.ps1 = scripts\run-scanner-sonarqube.ps1
	EndProjectSection
EndProject
Project("{9A19103F-16F7-4668-BE54-9A1E7A4F7556}") = "SolutionFrameWork.API", "01.API\SolutionFrameWork.API\SolutionFrameWork.API.csproj", "{58EF8575-F390-4CA2-A35B-BCFDF0879F77}"
EndProject
Project("{9A19103F-16F7-4668-BE54-9A1E7A4F7556}") = "SolutionFramework.Application", "02.Application\SolutionFramework.Application\SolutionFramework.Application.csproj", "{2E864C02-5380-4CDE-8121-3A72E13171D3}"
EndProject
Project("{9A19103F-16F7-4668-BE54-9A1E7A4F7556}") = "SolutionFramework.Abstractions", "03.Domain\SolutionFramework.Abstractions\SolutionFramework.Abstractions.csproj", "{6E813C3A-A5AB-4D5F-A2FA-667C2B0CB58A}"
EndProject
Project("{9A19103F-16F7-4668-BE54-9A1E7A4F7556}") = "SolutionFramework.Entities", "03.Domain\SolutionFramework.Entities\SolutionFramework.Entities.csproj", "{32DC73EC-7BD9-49BB-8057-CD1B3E575EA1}"
EndProject
Project("{2150E333-8FDC-42A3-9474-1A3956D46DE8}") = "01.Persistence", "01.Persistence", "{7D883D91-6AD6-48E1-907E-D82268A2F890}"
EndProject
Project("{2150E333-8FDC-42A3-9474-1A3956D46DE8}") = "02.Sdk", "02.Sdk", "{A6BE13C6-9F3F-464A-B230-E1B02AB9BE4C}"
EndProject
Project("{2150E333-8FDC-42A3-9474-1A3956D46DE8}") = "03.EventBus", "03.EventBus", "{776101AA-F269-4987-9425-41507E9D57C0}"
EndProject
Project("{2150E333-8FDC-42A3-9474-1A3956D46DE8}") = "04.LayerIntegration", "04.LayerIntegration", "{03CE9EC0-68B5-4CD8-AA1C-B6BA2891C7CE}"
EndProject
Project("{9A19103F-16F7-4668-BE54-9A1E7A4F7556}") = "SolutionFramework.SqlServer", "04.Infraestructure\01.Persistence\SolutionFramework.SqlServer\SolutionFramework.SqlServer.csproj", "{898DF1C9-1585-464F-A303-17B298CE2A92}"
EndProject
Project("{9A19103F-16F7-4668-BE54-9A1E7A4F7556}") = "SolutionFramework.Core", "04.Infraestructure\02.Sdk\SolutionFramework.Core\SolutionFramework.Core.csproj", "{027F37D5-1EC8-4C65-922B-C7BA7E902994}"
EndProject
Project("{9A19103F-16F7-4668-BE54-9A1E7A4F7556}") = "SolutionFramework.EFcore", "04.Infraestructure\02.Sdk\SolutionFramework.EFcore\SolutionFramework.EFcore.csproj", "{E20C4FF5-2B7F-4DAA-9A2D-3A7D73814CF6}"
EndProject
Project("{9A19103F-16F7-4668-BE54-9A1E7A4F7556}") = "SolutionFramework.Event.Bus", "04.Infraestructure\03.EventBus\SolutionFramework.Event.Bus\SolutionFramework.Event.Bus.csproj", "{1E34DBB3-D2F6-486D-9917-316D00175C93}"
EndProject
Project("{9A19103F-16F7-4668-BE54-9A1E7A4F7556}") = "SolutionFramework.Redis", "04.Infraestructure\04.LayerIntegration\Redis\SolutionFramework.Redis\SolutionFramework.Redis.csproj", "{FA9171E4-6A85-4E11-9537-FA8F3216E5E1}"
EndProject
Project("{9A19103F-16F7-4668-BE54-9A1E7A4F7556}") = "SolutionFramework.Redis.Event.Bus", "04.Infraestructure\04.LayerIntegration\RedisEventBus\SolutionFramework.Redis.Event.Bus\SolutionFramework.Redis.Event.Bus.csproj", "{1381B1EA-0805-41C5-A83E-1F03731FD9B3}"
EndProject
Project("{2150E333-8FDC-42A3-9474-1A3956D46DE8}") = "Features", "Features", "{ECD7C3F7-A2F8-415A-BA35-230152FABDEC}"
EndProject
Project("{2150E333-8FDC-42A3-9474-1A3956D46DE8}") = "01.Email", "01.Email", "{C869D7EF-7658-4349-A43B-DB1DA7C4031C}"
EndProject
Project("{2150E333-8FDC-42A3-9474-1A3956D46DE8}") = "02.Logger", "02.Logger", "{1E721BE1-270B-499E-914F-157A0B2EDC0E}"
EndProject
Project("{2150E333-8FDC-42A3-9474-1A3956D46DE8}") = "03.Exceptions", "03.Exceptions", "{C539CCEC-23B1-4203-81BB-DB49EDE6849A}"
EndProject
Project("{9A19103F-16F7-4668-BE54-9A1E7A4F7556}") = "SolutionFramework.EmailServices", "05.Common\01.Email\SolutionFramework.EmailServices\SolutionFramework.EmailServices.csproj", "{1EECF5B9-2E28-49E4-AEC6-26B1D91BF865}"
EndProject
Project("{9A19103F-16F7-4668-BE54-9A1E7A4F7556}") = "SolutionFramework.LoggerProvider", "05.Common\02.Logger\SolutionFramework.LoggerProvider\SolutionFramework.LoggerProvider.csproj", "{BFF9E5CD-56C8-481D-9869-6C28F8D2402A}"
EndProject
Project("{9A19103F-16F7-4668-BE54-9A1E7A4F7556}") = "SolutionFramework.Exceptions", "05.Common\03.Exceptions\SolutionFramework.Exceptions\SolutionFramework.Exceptions.csproj", "{1FB7F028-603A-4B8C-A89E-3019366311F6}"
EndProject
Project("{9A19103F-16F7-4668-BE54-9A1E7A4F7556}") = "SolutionFramework.Actitities.Test", "06.Testing\Features\Activities\SolutionFramework.Actitities.Test\SolutionFramework.Actitities.Test.csproj", "{E897B73C-88A7-4F67-9E76-4289783223AE}"
EndProject
Global
	GlobalSection(SolutionConfigurationPlatforms) = preSolution
		Debug|Any CPU = Debug|Any CPU
		Release|Any CPU = Release|Any CPU
	EndGlobalSection
	GlobalSection(ProjectConfigurationPlatforms) = postSolution
		{58EF8575-F390-4CA2-A35B-BCFDF0879F77}.Debug|Any CPU.ActiveCfg = Debug|Any CPU
		{58EF8575-F390-4CA2-A35B-BCFDF0879F77}.Debug|Any CPU.Build.0 = Debug|Any CPU
		{58EF8575-F390-4CA2-A35B-BCFDF0879F77}.Release|Any CPU.ActiveCfg = Release|Any CPU
		{58EF8575-F390-4CA2-A35B-BCFDF0879F77}.Release|Any CPU.Build.0 = Release|Any CPU
		{2E864C02-5380-4CDE-8121-3A72E13171D3}.Debug|Any CPU.ActiveCfg = Debug|Any CPU
		{2E864C02-5380-4CDE-8121-3A72E13171D3}.Debug|Any CPU.Build.0 = Debug|Any CPU
		{2E864C02-5380-4CDE-8121-3A72E13171D3}.Release|Any CPU.ActiveCfg = Release|Any CPU
		{2E864C02-5380-4CDE-8121-3A72E13171D3}.Release|Any CPU.Build.0 = Release|Any CPU
		{6E813C3A-A5AB-4D5F-A2FA-667C2B0CB58A}.Debug|Any CPU.ActiveCfg = Debug|Any CPU
		{6E813C3A-A5AB-4D5F-A2FA-667C2B0CB58A}.Debug|Any CPU.Build.0 = Debug|Any CPU
		{6E813C3A-A5AB-4D5F-A2FA-667C2B0CB58A}.Release|Any CPU.ActiveCfg = Release|Any CPU
		{6E813C3A-A5AB-4D5F-A2FA-667C2B0CB58A}.Release|Any CPU.Build.0 = Release|Any CPU
		{32DC73EC-7BD9-49BB-8057-CD1B3E575EA1}.Debug|Any CPU.ActiveCfg = Debug|Any CPU
		{32DC73EC-7BD9-49BB-8057-CD1B3E575EA1}.Debug|Any CPU.Build.0 = Debug|Any CPU
		{32DC73EC-7BD9-49BB-8057-CD1B3E575EA1}.Release|Any CPU.ActiveCfg = Release|Any CPU
		{32DC73EC-7BD9-49BB-8057-CD1B3E575EA1}.Release|Any CPU.Build.0 = Release|Any CPU
		{898DF1C9-1585-464F-A303-17B298CE2A92}.Debug|Any CPU.ActiveCfg = Debug|Any CPU
		{898DF1C9-1585-464F-A303-17B298CE2A92}.Debug|Any CPU.Build.0 = Debug|Any CPU
		{898DF1C9-1585-464F-A303-17B298CE2A92}.Release|Any CPU.ActiveCfg = Release|Any CPU
		{898DF1C9-1585-464F-A303-17B298CE2A92}.Release|Any CPU.Build.0 = Release|Any CPU
		{027F37D5-1EC8-4C65-922B-C7BA7E902994}.Debug|Any CPU.ActiveCfg = Debug|Any CPU
		{027F37D5-1EC8-4C65-922B-C7BA7E902994}.Debug|Any CPU.Build.0 = Debug|Any CPU
		{027F37D5-1EC8-4C65-922B-C7BA7E902994}.Release|Any CPU.ActiveCfg = Release|Any CPU
		{027F37D5-1EC8-4C65-922B-C7BA7E902994}.Release|Any CPU.Build.0 = Release|Any CPU
		{E20C4FF5-2B7F-4DAA-9A2D-3A7D73814CF6}.Debug|Any CPU.ActiveCfg = Debug|Any CPU
		{E20C4FF5-2B7F-4DAA-9A2D-3A7D73814CF6}.Debug|Any CPU.Build.0 = Debug|Any CPU
		{E20C4FF5-2B7F-4DAA-9A2D-3A7D73814CF6}.Release|Any CPU.ActiveCfg = Release|Any CPU
		{E20C4FF5-2B7F-4DAA-9A2D-3A7D73814CF6}.Release|Any CPU.Build.0 = Release|Any CPU
		{1E34DBB3-D2F6-486D-9917-316D00175C93}.Debug|Any CPU.ActiveCfg = Debug|Any CPU
		{1E34DBB3-D2F6-486D-9917-316D00175C93}.Debug|Any CPU.Build.0 = Debug|Any CPU
		{1E34DBB3-D2F6-486D-9917-316D00175C93}.Release|Any CPU.ActiveCfg = Release|Any CPU
		{1E34DBB3-D2F6-486D-9917-316D00175C93}.Release|Any CPU.Build.0 = Release|Any CPU
		{FA9171E4-6A85-4E11-9537-FA8F3216E5E1}.Debug|Any CPU.ActiveCfg = Debug|Any CPU
		{FA9171E4-6A85-4E11-9537-FA8F3216E5E1}.Debug|Any CPU.Build.0 = Debug|Any CPU
		{FA9171E4-6A85-4E11-9537-FA8F3216E5E1}.Release|Any CPU.ActiveCfg = Release|Any CPU
		{FA9171E4-6A85-4E11-9537-FA8F3216E5E1}.Release|Any CPU.Build.0 = Release|Any CPU
		{1381B1EA-0805-41C5-A83E-1F03731FD9B3}.Debug|Any CPU.ActiveCfg = Debug|Any CPU
		{1381B1EA-0805-41C5-A83E-1F03731FD9B3}.Debug|Any CPU.Build.0 = Debug|Any CPU
		{1381B1EA-0805-41C5-A83E-1F03731FD9B3}.Release|Any CPU.ActiveCfg = Release|Any CPU
		{1381B1EA-0805-41C5-A83E-1F03731FD9B3}.Release|Any CPU.Build.0 = Release|Any CPU
		{1EECF5B9-2E28-49E4-AEC6-26B1D91BF865}.Debug|Any CPU.ActiveCfg = Debug|Any CPU
		{1EECF5B9-2E28-49E4-AEC6-26B1D91BF865}.Debug|Any CPU.Build.0 = Debug|Any CPU
		{1EECF5B9-2E28-49E4-AEC6-26B1D91BF865}.Release|Any CPU.ActiveCfg = Release|Any CPU
		{1EECF5B9-2E28-49E4-AEC6-26B1D91BF865}.Release|Any CPU.Build.0 = Release|Any CPU
		{BFF9E5CD-56C8-481D-9869-6C28F8D2402A}.Debug|Any CPU.ActiveCfg = Debug|Any CPU
		{BFF9E5CD-56C8-481D-9869-6C28F8D2402A}.Debug|Any CPU.Build.0 = Debug|Any CPU
		{BFF9E5CD-56C8-481D-9869-6C28F8D2402A}.Release|Any CPU.ActiveCfg = Release|Any CPU
		{BFF9E5CD-56C8-481D-9869-6C28F8D2402A}.Release|Any CPU.Build.0 = Release|Any CPU
		{1FB7F028-603A-4B8C-A89E-3019366311F6}.Debug|Any CPU.ActiveCfg = Debug|Any CPU
		{1FB7F028-603A-4B8C-A89E-3019366311F6}.Debug|Any CPU.Build.0 = Debug|Any CPU
		{1FB7F028-603A-4B8C-A89E-3019366311F6}.Release|Any CPU.ActiveCfg = Release|Any CPU
		{1FB7F028-603A-4B8C-A89E-3019366311F6}.Release|Any CPU.Build.0 = Release|Any CPU
		{E897B73C-88A7-4F67-9E76-4289783223AE}.Debug|Any CPU.ActiveCfg = Debug|Any CPU
		{E897B73C-88A7-4F67-9E76-4289783223AE}.Debug|Any CPU.Build.0 = Debug|Any CPU
		{E897B73C-88A7-4F67-9E76-4289783223AE}.Release|Any CPU.ActiveCfg = Release|Any CPU
		{E897B73C-88A7-4F67-9E76-4289783223AE}.Release|Any CPU.Build.0 = Release|Any CPU
	EndGlobalSection
	GlobalSection(SolutionProperties) = preSolution
		HideSolutionNode = FALSE
	EndGlobalSection
	GlobalSection(NestedProjects) = preSolution
		{58EF8575-F390-4CA2-A35B-BCFDF0879F77} = {A329369B-2E10-474A-931F-8E479C9EEE40}
		{2E864C02-5380-4CDE-8121-3A72E13171D3} = {879A17FA-4DDA-4E41-B98E-738BAB705D84}
		{6E813C3A-A5AB-4D5F-A2FA-667C2B0CB58A} = {F1E7F84B-C934-4349-BDC3-83F6F8E09080}
		{32DC73EC-7BD9-49BB-8057-CD1B3E575EA1} = {F1E7F84B-C934-4349-BDC3-83F6F8E09080}
		{7D883D91-6AD6-48E1-907E-D82268A2F890} = {0E4958B8-DF1F-4616-81B1-2DD6ED9820BD}
		{A6BE13C6-9F3F-464A-B230-E1B02AB9BE4C} = {0E4958B8-DF1F-4616-81B1-2DD6ED9820BD}
		{776101AA-F269-4987-9425-41507E9D57C0} = {0E4958B8-DF1F-4616-81B1-2DD6ED9820BD}
		{03CE9EC0-68B5-4CD8-AA1C-B6BA2891C7CE} = {0E4958B8-DF1F-4616-81B1-2DD6ED9820BD}
		{898DF1C9-1585-464F-A303-17B298CE2A92} = {7D883D91-6AD6-48E1-907E-D82268A2F890}
		{027F37D5-1EC8-4C65-922B-C7BA7E902994} = {A6BE13C6-9F3F-464A-B230-E1B02AB9BE4C}
		{E20C4FF5-2B7F-4DAA-9A2D-3A7D73814CF6} = {A6BE13C6-9F3F-464A-B230-E1B02AB9BE4C}
		{1E34DBB3-D2F6-486D-9917-316D00175C93} = {776101AA-F269-4987-9425-41507E9D57C0}
		{FA9171E4-6A85-4E11-9537-FA8F3216E5E1} = {03CE9EC0-68B5-4CD8-AA1C-B6BA2891C7CE}
		{1381B1EA-0805-41C5-A83E-1F03731FD9B3} = {03CE9EC0-68B5-4CD8-AA1C-B6BA2891C7CE}
		{ECD7C3F7-A2F8-415A-BA35-230152FABDEC} = {DA1B5864-0319-4B55-95C2-2950E06A27C2}
		{C869D7EF-7658-4349-A43B-DB1DA7C4031C} = {6FA2615B-7766-4E8D-A31C-7958B0A8311E}
		{1E721BE1-270B-499E-914F-157A0B2EDC0E} = {6FA2615B-7766-4E8D-A31C-7958B0A8311E}
		{C539CCEC-23B1-4203-81BB-DB49EDE6849A} = {6FA2615B-7766-4E8D-A31C-7958B0A8311E}
		{1EECF5B9-2E28-49E4-AEC6-26B1D91BF865} = {C869D7EF-7658-4349-A43B-DB1DA7C4031C}
		{BFF9E5CD-56C8-481D-9869-6C28F8D2402A} = {1E721BE1-270B-499E-914F-157A0B2EDC0E}
		{1FB7F028-603A-4B8C-A89E-3019366311F6} = {C539CCEC-23B1-4203-81BB-DB49EDE6849A}
		{E897B73C-88A7-4F67-9E76-4289783223AE} = {ECD7C3F7-A2F8-415A-BA35-230152FABDEC}
	EndGlobalSection
	GlobalSection(ExtensibilityGlobals) = postSolution
		SolutionGuid = {774371E9-3C00-46A8-9498-9099364595F4}
	EndGlobalSection
EndGlobal
